
Microsoft Visual Studio Solution File, Format Version 12.00
# Visual Studio Express 2013 for Web
VisualStudioVersion = 12.0.30110.0
MinimumVisualStudioVersion = 10.0.40219.1
Project("{FAE04EC0-301F-11D3-BF4B-00C04F79EFBC}") = "Dinner", "Dinner\Dinner.csproj", "{ECE749E4-B7AD-4456-A8CF-CDCF2E7184C1}"
EndProject
Project("{FAE04EC0-301F-11D3-BF4B-00C04F79EFBC}") = "Dinner.Test", "Dinner.Test\Dinner.Test.csproj", "{3474A1D1-2E23-4EBE-BF9F-11006BF7B925}"
EndProject
Global
	GlobalSection(SolutionConfigurationPlatforms) = preSolution
		Debug|Any CPU = Debug|Any CPU
		Release|Any CPU = Release|Any CPU
	EndGlobalSection
	GlobalSection(ProjectConfigurationPlatforms) = postSolution
		{ECE749E4-B7AD-4456-A8CF-CDCF2E7184C1}.Debug|Any CPU.ActiveCfg = Debug|Any CPU
		{ECE749E4-B7AD-4456-A8CF-CDCF2E7184C1}.Debug|Any CPU.Build.0 = Debug|Any CPU
		{ECE749E4-B7AD-4456-A8CF-CDCF2E7184C1}.Release|Any CPU.ActiveCfg = Release|Any CPU
		{ECE749E4-B7AD-4456-A8CF-CDCF2E7184C1}.Release|Any CPU.Build.0 = Release|Any CPU
		{3474A1D1-2E23-4EBE-BF9F-11006BF7B925}.Debug|Any CPU.ActiveCfg = Debug|Any CPU
		{3474A1D1-2E23-4EBE-BF9F-11006BF7B925}.Debug|Any CPU.Build.0 = Debug|Any CPU
		{3474A1D1-2E23-4EBE-BF9F-11006BF7B925}.Release|Any CPU.ActiveCfg = Release|Any CPU
		{3474A1D1-2E23-4EBE-BF9F-11006BF7B925}.Release|Any CPU.Build.0 = Release|Any CPU
	EndGlobalSection
	GlobalSection(SolutionProperties) = preSolution
		HideSolutionNode = FALSE
	EndGlobalSection
EndGlobal
